{
  "name": "week6-2",
  "version": "1.0.0",
  "lockfileVersion": 3,
  "requires": true,
  "packages": {
    "": {
      "name": "week6-2",
      "version": "1.0.0",
      "license": "MIT",
      "dependencies": {
        "@fortawesome/fontawesome-free": "^6.2.1",
        "@popperjs/core": "^2.11.6",
        "bootstrap": "^5.2.3",
        "jquery": "^3.6.3",
        "typescript": "^4.9.5"
      },
      "devDependencies": {
        "@types/jquery": "^3.5.16",
        "@types/node": "^18.15.5"
      }
    },
    "node_modules/@fortawesome/fontawesome-free": {
      "version": "6.2.1",
      "resolved": "https://registry.npmjs.org/@fortawesome/fontawesome-free/-/fontawesome-free-6.2.1.tgz",
      "integrity": "sha512-viouXhegu/TjkvYQoiRZK3aax69dGXxgEjpvZW81wIJdxm5Fnvp3VVIP4VHKqX4SvFw6qpmkILkD4RJWAdrt7A==",
      "hasInstallScript": true,
      "license": "(CC-BY-4.0 AND OFL-1.1 AND MIT)",
      "engines": {
        "node": ">=6"
      }
    },
    "node_modules/@popperjs/core": {
      "version": "2.11.6",
      "resolved": "https://registry.npmjs.org/@popperjs/core/-/core-2.11.6.tgz",
      "integrity": "sha512-50/17A98tWUfQ176raKiOGXuYpLyyVMkxxG6oylzL3BPOlA6ADGdK7EYunSa4I064xerltq9TGXs8HmOk5E+vw==",
      "license": "MIT",
      "funding": {
        "type": "opencollective",
        "url": "https://opencollective.com/popperjs"
      }
    },
    "node_modules/@types/jquery": {
      "version": "3.5.16",
      "resolved": "https://registry.npmjs.org/@types/jquery/-/jquery-3.5.16.tgz",
      "integrity": "sha512-bsI7y4ZgeMkmpG9OM710RRzDFp+w4P1RGiIt30C1mSBT+ExCleeh4HObwgArnDFELmRrOpXgSYN9VF1hj+f1lw==",
      "dev": true,
      "license": "MIT",
      "dependencies": {
        "@types/sizzle": "*"
      }
    },
    "node_modules/@types/node": {
      "version": "18.15.5",
      "resolved": "https://registry.npmjs.org/@types/node/-/node-18.15.5.tgz",
      "integrity": "sha512-Ark2WDjjZO7GmvsyFFf81MXuGTA/d6oP38anyxWOL6EREyBKAxKoFHwBhaZxCfLRLpO8JgVXwqOwSwa7jRcjew==",
      "dev": true
    },
    "node_modules/@types/sizzle": {
      "version": "2.3.3",
      "resolved": "https://registry.npmjs.org/@types/sizzle/-/sizzle-2.3.3.tgz",
      "integrity": "sha512-JYM8x9EGF163bEyhdJBpR2QX1R5naCJHC8ucJylJ3w9/CVBaskdQ8WqBf8MmQrd1kRvp/a4TS8HJ+bxzR7ZJYQ==",
      "dev": true,
      "license": "MIT"
    },
    "node_modules/bootstrap": {
      "version": "5.2.3",
      "resolved": "https://registry.npmjs.org/bootstrap/-/bootstrap-5.2.3.tgz",
      "integrity": "sha512-cEKPM+fwb3cT8NzQZYEu4HilJ3anCrWqh3CHAok1p9jXqMPsPTBhU25fBckEJHJ/p+tTxTFTsFQGM+gaHpi3QQ==",
      "funding": [
        {
          "type": "github",
          "url": "https://github.com/sponsors/twbs"
        },
        {
          "type": "opencollective",
          "url": "https://opencollective.com/bootstrap"
        }
      ],
      "license": "MIT",
      "peerDependencies": {
        "@popperjs/core": "^2.11.6"
      }
    },
    "node_modules/jquery": {
      "version": "3.6.3",
      "resolved": "https://registry.npmjs.org/jquery/-/jquery-3.6.3.tgz",
      "integrity": "sha512-bZ5Sy3YzKo9Fyc8wH2iIQK4JImJ6R0GWI9kL1/k7Z91ZBNgkRXE6U0JfHIizZbort8ZunhSI3jw9I6253ahKfg==",
      "license": "MIT"
    },
    "node_modules/typescript": {
      "version": "4.9.5",
      "resolved": "https://registry.npmjs.org/typescript/-/typescript-4.9.5.tgz",
      "integrity": "sha512-1FXk9E2Hm+QzZQ7z+McJiHL4NW1F2EzMu9Nq9i3zAaGqibafqYwCVU6WyWAuyQRRzOlxou8xZSyXLEN8oKj24g==",
      "license": "Apache-2.0",
      "bin": {
        "tsc": "bin/tsc",
        "tsserver": "bin/tsserver"
      },
      "engines": {
        "node": ">=4.2.0"
      }
    }
  }
}
